
Microsoft Visual Studio Solution File, Format Version 12.00
# Visual Studio 14
VisualStudioVersion = 14.0.25420.1
MinimumVisualStudioVersion = 10.0.40219.1
Project("{FAE04EC0-301F-11D3-BF4B-00C04F79EFBC}") = "AspNetSignalRMysqlTemplate", "AspNetSignalRMysqlTemplate\AspNetSignalRMysqlTemplate.csproj", "{BF31C247-7094-4D80-9756-A5BD956677DA}"
EndProject
Global
	GlobalSection(SolutionConfigurationPlatforms) = preSolution
		Debug|Any CPU = Debug|Any CPU
		Release|Any CPU = Release|Any CPU
	EndGlobalSection
	GlobalSection(ProjectConfigurationPlatforms) = postSolution
		{BF31C247-7094-4D80-9756-A5BD956677DA}.Debug|Any CPU.ActiveCfg = Debug|Any CPU
		{BF31C247-7094-4D80-9756-A5BD956677DA}.Debug|Any CPU.Build.0 = Debug|Any CPU
		{BF31C247-7094-4D80-9756-A5BD956677DA}.Release|Any CPU.ActiveCfg = Release|Any CPU
		{BF31C247-7094-4D80-9756-A5BD956677DA}.Release|Any CPU.Build.0 = Release|Any CPU
	EndGlobalSection
	GlobalSection(SolutionProperties) = preSolution
		HideSolutionNode = FALSE
	EndGlobalSection
EndGlobal
